
Microsoft Visual Studio Solution File, Format Version 12.00
# Visual Studio Version 17
VisualStudioVersion = 17.14.36414.22 d17.14
MinimumVisualStudioVersion = 10.0.40219.1
Project("{FAE04EC0-301F-11D3-BF4B-00C04F79EFBC}") = "ApiSensoresIOT", "ApiSensoresIOT.csproj", "{A923CE9E-6C50-4B78-8C3E-47F0BF6BFADA}"
EndProject
Global
	GlobalSection(SolutionConfigurationPlatforms) = preSolution
		Debug|Any CPU = Debug|Any CPU
		Release|Any CPU = Release|Any CPU
	EndGlobalSection
	GlobalSection(ProjectConfigurationPlatforms) = postSolution
		{A923CE9E-6C50-4B78-8C3E-47F0BF6BFADA}.Debug|Any CPU.ActiveCfg = Debug|Any CPU
		{A923CE9E-6C50-4B78-8C3E-47F0BF6BFADA}.Debug|Any CPU.Build.0 = Debug|Any CPU
		{A923CE9E-6C50-4B78-8C3E-47F0BF6BFADA}.Release|Any CPU.ActiveCfg = Release|Any CPU
		{A923CE9E-6C50-4B78-8C3E-47F0BF6BFADA}.Release|Any CPU.Build.0 = Release|Any CPU
	EndGlobalSection
	GlobalSection(SolutionProperties) = preSolution
		HideSolutionNode = FALSE
	EndGlobalSection
	GlobalSection(ExtensibilityGlobals) = postSolution
		SolutionGuid = {DA6478C5-460C-495F-9F17-8561A670813E}
	EndGlobalSection
EndGlobal
